
Microsoft Visual Studio Solution File, Format Version 12.00
# Visual Studio Version 16
VisualStudioVersion = 16.0.31019.35
MinimumVisualStudioVersion = 10.0.40219.1
Project("{FAE04EC0-301F-11D3-BF4B-00C04F79EFBC}") = "MetaHeruistiky_csharp", "MetaHeruistiky_csharp\MetaHeruistiky_csharp.csproj", "{1591315C-A5E5-44BA-9DA8-CA7D8D0FEA23}"
EndProject
Global
	GlobalSection(SolutionConfigurationPlatforms) = preSolution
		Debug|Any CPU = Debug|Any CPU
		Release|Any CPU = Release|Any CPU
	EndGlobalSection
	GlobalSection(ProjectConfigurationPlatforms) = postSolution
		{1591315C-A5E5-44BA-9DA8-CA7D8D0FEA23}.Debug|Any CPU.ActiveCfg = Debug|Any CPU
		{1591315C-A5E5-44BA-9DA8-CA7D8D0FEA23}.Debug|Any CPU.Build.0 = Debug|Any CPU
		{1591315C-A5E5-44BA-9DA8-CA7D8D0FEA23}.Release|Any CPU.ActiveCfg = Release|Any CPU
		{1591315C-A5E5-44BA-9DA8-CA7D8D0FEA23}.Release|Any CPU.Build.0 = Release|Any CPU
	EndGlobalSection
	GlobalSection(SolutionProperties) = preSolution
		HideSolutionNode = FALSE
	EndGlobalSection
	GlobalSection(ExtensibilityGlobals) = postSolution
		SolutionGuid = {FC600467-B8FD-4909-B7B9-083EC15636EE}
	EndGlobalSection
EndGlobal
